
Microsoft Visual Studio Solution File, Format Version 12.00
# Visual Studio 15
VisualStudioVersion = 15.0.28307.572
MinimumVisualStudioVersion = 10.0.40219.1
Project("{FAE04EC0-301F-11D3-BF4B-00C04F79EFBC}") = "pottacular-api", "pottacular-api\pottacular-api.csproj", "{AF16FCD2-7FFA-4D5F-8BF8-86A6319F7DEA}"
EndProject
Global
	GlobalSection(SolutionConfigurationPlatforms) = preSolution
		Debug|Any CPU = Debug|Any CPU
		Release|Any CPU = Release|Any CPU
	EndGlobalSection
	GlobalSection(ProjectConfigurationPlatforms) = postSolution
		{AF16FCD2-7FFA-4D5F-8BF8-86A6319F7DEA}.Debug|Any CPU.ActiveCfg = Debug|Any CPU
		{AF16FCD2-7FFA-4D5F-8BF8-86A6319F7DEA}.Debug|Any CPU.Build.0 = Debug|Any CPU
		{AF16FCD2-7FFA-4D5F-8BF8-86A6319F7DEA}.Release|Any CPU.ActiveCfg = Release|Any CPU
		{AF16FCD2-7FFA-4D5F-8BF8-86A6319F7DEA}.Release|Any CPU.Build.0 = Release|Any CPU
	EndGlobalSection
	GlobalSection(SolutionProperties) = preSolution
		HideSolutionNode = FALSE
	EndGlobalSection
	GlobalSection(ExtensibilityGlobals) = postSolution
		SolutionGuid = {BD671D96-23B1-492E-B54C-CE152DC44991}
	EndGlobalSection
EndGlobal
